// !$*UTF8*$!
{
	archiveVersion = 1;
	classes = {
	};
	objectVersion = 46;
	objects = {

/* Begin PBXBuildFile section */
		582F8890184DE292003C7957 /* Foundation.framework in Frameworks */ = {isa = PBXBuildFile; fileRef = 582F888F184DE292003C7957 /* Foundation.framework */; };
		582F8892184DE292003C7957 /* CoreGraphics.framework in Frameworks */ = {isa = PBXBuildFile; fileRef = 582F8891184DE292003C7957 /* CoreGraphics.framework */; };
		582F8894184DE292003C7957 /* UIKit.framework in Frameworks */ = {isa = PBXBuildFile; fileRef = 582F8893184DE292003C7957 /* UIKit.framework */; };
		582F889A184DE292003C7957 /* InfoPlist.strings in Resources */ = {isa = PBXBuildFile; fileRef = 582F8898184DE292003C7957 /* InfoPlist.strings */; };
		582F889C184DE292003C7957 /* main.m in Sources */ = {isa = PBXBuildFile; fileRef = 582F889B184DE292003C7957 /* main.m */; };
		582F88A0184DE292003C7957 /* AppDelegate.m in Sources */ = {isa = PBXBuildFile; fileRef = 582F889F184DE292003C7957 /* AppDelegate.m */; };
		582F88A3184DE292003C7957 /* Main.storyboard in Resources */ = {isa = PBXBuildFile; fileRef = 582F88A1184DE292003C7957 /* Main.storyboard */; };
		582F88A6184DE292003C7957 /* ViewController.m in Sources */ = {isa = PBXBuildFile; fileRef = 582F88A5184DE292003C7957 /* ViewController.m */; };
		582F88A8184DE292003C7957 /* Images.xcassets in Resources */ = {isa = PBXBuildFile; fileRef = 582F88A7184DE292003C7957 /* Images.xcassets */; };
		582F88AF184DE292003C7957 /* XCTest.framework in Frameworks */ = {isa = PBXBuildFile; fileRef = 582F88AE184DE292003C7957 /* XCTest.framework */; };
		582F88B0184DE292003C7957 /* Foundation.framework in Frameworks */ = {isa = PBXBuildFile; fileRef = 582F888F184DE292003C7957 /* Foundation.framework */; };
		582F88B1184DE292003C7957 /* UIKit.framework in Frameworks */ = {isa = PBXBuildFile; fileRef = 582F8893184DE292003C7957 /* UIKit.framework */; };
		582F88B9184DE292003C7957 /* InfoPlist.strings in Resources */ = {isa = PBXBuildFile; fileRef = 582F88B7184DE292003C7957 /* InfoPlist.strings */; };
		582F88BB184DE292003C7957 /* iOS_ProcessesTests.m in Sources */ = {isa = PBXBuildFile; fileRef = 582F88BA184DE292003C7957 /* iOS_ProcessesTests.m */; };
		582F88C7184DE2B4003C7957 /* UIDevice+Processes.m in Sources */ = {isa = PBXBuildFile; fileRef = 582F88C6184DE2B4003C7957 /* UIDevice+Processes.m */; };
/* End PBXBuildFile section */

/* Begin PBXContainerItemProxy section */
		582F88B2184DE292003C7957 /* PBXContainerItemProxy */ = {
			isa = PBXContainerItemProxy;
			containerPortal = 582F8884184DE292003C7957 /* Project object */;
			proxyType = 1;
			remoteGlobalIDString = 582F888B184DE292003C7957;
			remoteInfo = iOS_Processes;
		};
/* End PBXContainerItemProxy section */

/* Begin PBXFileReference section */
		582F888C184DE292003C7957 /* iOS_Processes.app */ = {isa = PBXFileReference; explicitFileType = wrapper.application; includeInIndex = 0; path = iOS_Processes.app; sourceTree = BUILT_PRODUCTS_DIR; };
		582F888F184DE292003C7957 /* Foundation.framework */ = {isa = PBXFileReference; lastKnownFileType = wrapper.framework; name = Foundation.framework; path = System/Library/Frameworks/Foundation.framework; sourceTree = SDKROOT; };
		582F8891184DE292003C7957 /* CoreGraphics.framework */ = {isa = PBXFileReference; lastKnownFileType = wrapper.framework; name = CoreGraphics.framework; path = System/Library/Frameworks/CoreGraphics.framework; sourceTree = SDKROOT; };
		582F8893184DE292003C7957 /* UIKit.framework */ = {isa = PBXFileReference; lastKnownFileType = wrapper.framework; name = UIKit.framework; path = System/Library/Frameworks/UIKit.framework; sourceTree = SDKROOT; };
		582F8897184DE292003C7957 /* iOS_Processes-Info.plist */ = {isa = PBXFileReference; lastKnownFileType = text.plist.xml; path = "iOS_Processes-Info.plist"; sourceTree = "<group>"; };
		582F8899184DE292003C7957 /* en */ = {isa = PBXFileReference; lastKnownFileType = text.plist.strings; name = en; path = en.lproj/InfoPlist.strings; sourceTree = "<group>"; };
		582F889B184DE292003C7957 /* main.m */ = {isa = PBXFileReference; lastKnownFileType = sourcecode.c.objc; path = main.m; sourceTree = "<group>"; };
		582F889D184DE292003C7957 /* iOS_Processes-Prefix.pch */ = {isa = PBXFileReference; lastKnownFileType = sourcecode.c.h; path = "iOS_Processes-Prefix.pch"; sourceTree = "<group>"; };
		582F889E184DE292003C7957 /* AppDelegate.h */ = {isa = PBXFileReference; lastKnownFileType = sourcecode.c.h; path = AppDelegate.h; sourceTree = "<group>"; };
		582F889F184DE292003C7957 /* AppDelegate.m */ = {isa = PBXFileReference; lastKnownFileType = sourcecode.c.objc; path = AppDelegate.m; sourceTree = "<group>"; };
		582F88A2184DE292003C7957 /* Base */ = {isa = PBXFileReference; lastKnownFileType = file.storyboard; name = Base; path = Base.lproj/Main.storyboard; sourceTree = "<group>"; };
		582F88A4184DE292003C7957 /* ViewController.h */ = {isa = PBXFileReference; lastKnownFileType = sourcecode.c.h; path = ViewController.h; sourceTree = "<group>"; };
		582F88A5184DE292003C7957 /* ViewController.m */ = {isa = PBXFileReference; lastKnownFileType = sourcecode.c.objc; path = ViewController.m; sourceTree = "<group>"; };
		582F88A7184DE292003C7957 /* Images.xcassets */ = {isa = PBXFileReference; lastKnownFileType = folder.assetcatalog; path = Images.xcassets; sourceTree = "<group>"; };
		582F88AD184DE292003C7957 /* iOS_ProcessesTests.xctest */ = {isa = PBXFileReference; explicitFileType = wrapper.cfbundle; includeInIndex = 0; path = iOS_ProcessesTests.xctest; sourceTree = BUILT_PRODUCTS_DIR; };
		582F88AE184DE292003C7957 /* XCTest.framework */ = {isa = PBXFileReference; lastKnownFileType = wrapper.framework; name = XCTest.framework; path = Library/Frameworks/XCTest.framework; sourceTree = DEVELOPER_DIR; };
		582F88B6184DE292003C7957 /* iOS_ProcessesTests-Info.plist */ = {isa = PBXFileReference; lastKnownFileType = text.plist.xml; path = "iOS_ProcessesTests-Info.plist"; sourceTree = "<group>"; };
		582F88B8184DE292003C7957 /* en */ = {isa = PBXFileReference; lastKnownFileType = text.plist.strings; name = en; path = en.lproj/InfoPlist.strings; sourceTree = "<group>"; };
		582F88BA184DE292003C7957 /* iOS_ProcessesTests.m */ = {isa = PBXFileReference; lastKnownFileType = sourcecode.c.objc; path = iOS_ProcessesTests.m; sourceTree = "<group>"; };
		582F88C5184DE2B4003C7957 /* UIDevice+Processes.h */ = {isa = PBXFileReference; fileEncoding = 4; lastKnownFileType = sourcecode.c.h; path = "UIDevice+Processes.h"; sourceTree = "<group>"; };
		582F88C6184DE2B4003C7957 /* UIDevice+Processes.m */ = {isa = PBXFileReference; fileEncoding = 4; lastKnownFileType = sourcecode.c.objc; path = "UIDevice+Processes.m"; sourceTree = "<group>"; };
/* End PBXFileReference section */

/* Begin PBXFrameworksBuildPhase section */
		582F8889184DE292003C7957 /* Frameworks */ = {
			isa = PBXFrameworksBuildPhase;
			buildActionMask = 2147483647;
			files = (
				582F8892184DE292003C7957 /* CoreGraphics.framework in Frameworks */,
				582F8894184DE292003C7957 /* UIKit.framework in Frameworks */,
				582F8890184DE292003C7957 /* Foundation.framework in Frameworks */,
			);
			runOnlyForDeploymentPostprocessing = 0;
		};
		582F88AA184DE292003C7957 /* Frameworks */ = {
			isa = PBXFrameworksBuildPhase;
			buildActionMask = 2147483647;
			files = (
				582F88AF184DE292003C7957 /* XCTest.framework in Frameworks */,
				582F88B1184DE292003C7957 /* UIKit.framework in Frameworks */,
				582F88B0184DE292003C7957 /* Foundation.framework in Frameworks */,
			);
			runOnlyForDeploymentPostprocessing = 0;
		};
/* End PBXFrameworksBuildPhase section */

/* Begin PBXGroup section */
		582F8883184DE292003C7957 = {
			isa = PBXGroup;
			children = (
				582F8895184DE292003C7957 /* iOS_Processes */,
				582F88B4184DE292003C7957 /* iOS_ProcessesTests */,
				582F888E184DE292003C7957 /* Frameworks */,
				582F888D184DE292003C7957 /* Products */,
			);
			sourceTree = "<group>";
		};
		582F888D184DE292003C7957 /* Products */ = {
			isa = PBXGroup;
			children = (
				582F888C184DE292003C7957 /* iOS_Processes.app */,
				582F88AD184DE292003C7957 /* iOS_ProcessesTests.xctest */,
			);
			name = Products;
			sourceTree = "<group>";
		};
		582F888E184DE292003C7957 /* Frameworks */ = {
			isa = PBXGroup;
			children = (
				582F888F184DE292003C7957 /* Foundation.framework */,
				582F8891184DE292003C7957 /* CoreGraphics.framework */,
				582F8893184DE292003C7957 /* UIKit.framework */,
				582F88AE184DE292003C7957 /* XCTest.framework */,
			);
			name = Frameworks;
			sourceTree = "<group>";
		};
		582F8895184DE292003C7957 /* iOS_Processes */ = {
			isa = PBXGroup;
			children = (
				582F88C4184DE2A3003C7957 /* src */,
				582F889E184DE292003C7957 /* AppDelegate.h */,
				582F889F184DE292003C7957 /* AppDelegate.m */,
				582F88A1184DE292003C7957 /* Main.storyboard */,
				582F88A4184DE292003C7957 /* ViewController.h */,
				582F88A5184DE292003C7957 /* ViewController.m */,
				582F88A7184DE292003C7957 /* Images.xcassets */,
				582F8896184DE292003C7957 /* Supporting Files */,
			);
			path = iOS_Processes;
			sourceTree = "<group>";
		};
		582F8896184DE292003C7957 /* Supporting Files */ = {
			isa = PBXGroup;
			children = (
				582F8897184DE292003C7957 /* iOS_Processes-Info.plist */,
				582F8898184DE292003C7957 /* InfoPlist.strings */,
				582F889B184DE292003C7957 /* main.m */,
				582F889D184DE292003C7957 /* iOS_Processes-Prefix.pch */,
			);
			name = "Supporting Files";
			sourceTree = "<group>";
		};
		582F88B4184DE292003C7957 /* iOS_ProcessesTests */ = {
			isa = PBXGroup;
			children = (
				582F88BA184DE292003C7957 /* iOS_ProcessesTests.m */,
				582F88B5184DE292003C7957 /* Supporting Files */,
			);
			path = iOS_ProcessesTests;
			sourceTree = "<group>";
		};
		582F88B5184DE292003C7957 /* Supporting Files */ = {
			isa = PBXGroup;
			children = (
				582F88B6184DE292003C7957 /* iOS_ProcessesTests-Info.plist */,
				582F88B7184DE292003C7957 /* InfoPlist.strings */,
			);
			name = "Supporting Files";
			sourceTree = "<group>";
		};
		582F88C4184DE2A3003C7957 /* src */ = {
			isa = PBXGroup;
			children = (
				582F88C5184DE2B4003C7957 /* UIDevice+Processes.h */,
				582F88C6184DE2B4003C7957 /* UIDevice+Processes.m */,
			);
			path = src;
			sourceTree = "<group>";
		};
/* End PBXGroup section */

/* Begin PBXNativeTarget section */
		582F888B184DE292003C7957 /* iOS_Processes */ = {
			isa = PBXNativeTarget;
			buildConfigurationList = 582F88BE184DE292003C7957 /* Build configuration list for PBXNativeTarget "iOS_Processes" */;
			buildPhases = (
				582F8888184DE292003C7957 /* Sources */,
				582F8889184DE292003C7957 /* Frameworks */,
				582F888A184DE292003C7957 /* Resources */,
			);
			buildRules = (
			);
			dependencies = (
			);
			name = iOS_Processes;
			productName = iOS_Processes;
			productReference = 582F888C184DE292003C7957 /* iOS_Processes.app */;
			productType = "com.apple.product-type.application";
		};
		582F88AC184DE292003C7957 /* iOS_ProcessesTests */ = {
			isa = PBXNativeTarget;
			buildConfigurationList = 582F88C1184DE292003C7957 /* Build configuration list for PBXNativeTarget "iOS_ProcessesTests" */;
			buildPhases = (
				582F88A9184DE292003C7957 /* Sources */,
				582F88AA184DE292003C7957 /* Frameworks */,
				582F88AB184DE292003C7957 /* Resources */,
			);
			buildRules = (
			);
			dependencies = (
				582F88B3184DE292003C7957 /* PBXTargetDependency */,
			);
			name = iOS_ProcessesTests;
			productName = iOS_ProcessesTests;
			productReference = 582F88AD184DE292003C7957 /* iOS_ProcessesTests.xctest */;
			productType = "com.apple.product-type.bundle.unit-test";
		};
/* End PBXNativeTarget section */

/* Begin PBXProject section */
		582F8884184DE292003C7957 /* Project object */ = {
			isa = PBXProject;
			attributes = {
				LastUpgradeCheck = 0500;
				ORGANIZATIONNAME = "Dmitriy Kuragin";
				TargetAttributes = {
					582F88AC184DE292003C7957 = {
						TestTargetID = 582F888B184DE292003C7957;
					};
				};
			};
			buildConfigurationList = 582F8887184DE292003C7957 /* Build configuration list for PBXProject "iOS_Processes" */;
			compatibilityVersion = "Xcode 3.2";
			developmentRegion = English;
			hasScannedForEncodings = 0;
			knownRegions = (
				en,
				Base,
			);
			mainGroup = 582F8883184DE292003C7957;
			productRefGroup = 582F888D184DE292003C7957 /* Products */;
			projectDirPath = "";
			projectRoot = "";
			targets = (
				582F888B184DE292003C7957 /* iOS_Processes */,
				582F88AC184DE292003C7957 /* iOS_ProcessesTests */,
			);
		};
/* End PBXProject section */

/* Begin PBXResourcesBuildPhase section */
		582F888A184DE292003C7957 /* Resources */ = {
			isa = PBXResourcesBuildPhase;
			buildActionMask = 2147483647;
			files = (
				582F88A8184DE292003C7957 /* Images.xcassets in Resources */,
				582F889A184DE292003C7957 /* InfoPlist.strings in Resources */,
				582F88A3184DE292003C7957 /* Main.storyboard in Resources */,
			);
			runOnlyForDeploymentPostprocessing = 0;
		};
		582F88AB184DE292003C7957 /* Resources */ = {
			isa = PBXResourcesBuildPhase;
			buildActionMask = 2147483647;
			files = (
				582F88B9184DE292003C7957 /* InfoPlist.strings in Resources */,
			);
			runOnlyForDeploymentPostprocessing = 0;
		};
/* End PBXResourcesBuildPhase section */

/* Begin PBXSourcesBuildPhase section */
		582F8888184DE292003C7957 /* Sources */ = {
			isa = PBXSourcesBuildPhase;
			buildActionMask = 2147483647;
			files = (
				582F88A6184DE292003C7957 /* ViewController.m in Sources */,
				582F88A0184DE292003C7957 /* AppDelegate.m in Sources */,
				582F889C184DE292003C7957 /* main.m in Sources */,
				582F88C7184DE2B4003C7957 /* UIDevice+Processes.m in Sources */,
			);
			runOnlyForDeploymentPostprocessing = 0;
		};
		582F88A9184DE292003C7957 /* Sources */ = {
			isa = PBXSourcesBuildPhase;
			buildActionMask = 2147483647;
			files = (
				582F88BB184DE292003C7957 /* iOS_ProcessesTests.m in Sources */,
			);
			runOnlyForDeploymentPostprocessing = 0;
		};
/* End PBXSourcesBuildPhase section */

/* Begin PBXTargetDependency section */
		582F88B3184DE292003C7957 /* PBXTargetDependency */ = {
			isa = PBXTargetDependency;
			target = 582F888B184DE292003C7957 /* iOS_Processes */;
			targetProxy = 582F88B2184DE292003C7957 /* PBXContainerItemProxy */;
		};
/* End PBXTargetDependency section */

/* Begin PBXVariantGroup section */
		582F8898184DE292003C7957 /* InfoPlist.strings */ = {
			isa = PBXVariantGroup;
			children = (
				582F8899184DE292003C7957 /* en */,
			);
			name = InfoPlist.strings;
			sourceTree = "<group>";
		};
		582F88A1184DE292003C7957 /* Main.storyboard */ = {
			isa = PBXVariantGroup;
			children = (
				582F88A2184DE292003C7957 /* Base */,
			);
			name = Main.storyboard;
			sourceTree = "<group>";
		};
		582F88B7184DE292003C7957 /* InfoPlist.strings */ = {
			isa = PBXVariantGroup;
			children = (
				582F88B8184DE292003C7957 /* en */,
			);
			name = InfoPlist.strings;
			sourceTree = "<group>";
		};
/* End PBXVariantGroup section */

/* Begin XCBuildConfiguration section */
		582F88BC184DE292003C7957 /* Debug */ = {
			isa = XCBuildConfiguration;
			buildSettings = {
				ALWAYS_SEARCH_USER_PATHS = NO;
				ARCHS = "$(ARCHS_STANDARD_INCLUDING_64_BIT)";
				CLANG_CXX_LANGUAGE_STANDARD = "gnu++0x";
				CLANG_CXX_LIBRARY = "libc++";
				CLANG_ENABLE_MODULES = YES;
				CLANG_ENABLE_OBJC_ARC = YES;
				CLANG_WARN_BOOL_CONVERSION = YES;
				CLANG_WARN_CONSTANT_CONVERSION = YES;
				CLANG_WARN_DIRECT_OBJC_ISA_USAGE = YES_ERROR;
				CLANG_WARN_EMPTY_BODY = YES;
				CLANG_WARN_ENUM_CONVERSION = YES;
				CLANG_WARN_INT_CONVERSION = YES;
				CLANG_WARN_OBJC_ROOT_CLASS = YES_ERROR;
				CLANG_WARN__DUPLICATE_METHOD_MATCH = YES;
				"CODE_SIGN_IDENTITY[sdk=iphoneos*]" = "iPhone Developer";
				COPY_PHASE_STRIP = NO;
				GCC_C_LANGUAGE_STANDARD = gnu99;
				GCC_DYNAMIC_NO_PIC = NO;
				GCC_OPTIMIZATION_LEVEL = 0;
				GCC_PREPROCESSOR_DEFINITIONS = (
					"DEBUG=1",
					"$(inherited)",
				);
				GCC_SYMBOLS_PRIVATE_EXTERN = NO;
				GCC_WARN_64_TO_32_BIT_CONVERSION = YES;
				GCC_WARN_ABOUT_RETURN_TYPE = YES_ERROR;
				GCC_WARN_UNDECLARED_SELECTOR = YES;
				GCC_WARN_UNINITIALIZED_AUTOS = YES;
				GCC_WARN_UNUSED_FUNCTION = YES;
				GCC_WARN_UNUSED_VARIABLE = YES;
				IPHONEOS_DEPLOYMENT_TARGET = 7.0;
				ONLY_ACTIVE_ARCH = YES;
				SDKROOT = iphoneos;
			};
			name = Debug;
		};
		582F88BD184DE292003C7957 /* Release */ = {
			isa = XCBuildConfiguration;
			buildSettings = {
				ALWAYS_SEARCH_USER_PATHS = NO;
				ARCHS = "$(ARCHS_STANDARD_INCLUDING_64_BIT)";
				CLANG_CXX_LANGUAGE_STANDARD = "gnu++0x";
				CLANG_CXX_LIBRARY = "libc++";
				CLANG_ENABLE_MODULES = YES;
				CLANG_ENABLE_OBJC_ARC = YES;
				CLANG_WARN_BOOL_CONVERSION = YES;
				CLANG_WARN_CONSTANT_CONVERSION = YES;
				CLANG_WARN_DIRECT_OBJC_ISA_USAGE = YES_ERROR;
				CLANG_WARN_EMPTY_BODY = YES;
				CLANG_WARN_ENUM_CONVERSION = YES;
				CLANG_WARN_INT_CONVERSION = YES;
				CLANG_WARN_OBJC_ROOT_CLASS = YES_ERROR;
				CLANG_WARN__DUPLICATE_METHOD_MATCH = YES;
				"CODE_SIGN_IDENTITY[sdk=iphoneos*]" = "iPhone Developer";
				COPY_PHASE_STRIP = YES;
				ENABLE_NS_ASSERTIONS = NO;
				GCC_C_LANGUAGE_STANDARD = gnu99;
				GCC_WARN_64_TO_32_BIT_CONVERSION = YES;
				GCC_WARN_ABOUT_RETURN_TYPE = YES_ERROR;
				GCC_WARN_UNDECLARED_SELECTOR = YES;
				GCC_WARN_UNINITIALIZED_AUTOS = YES;
				GCC_WARN_UNUSED_FUNCTION = YES;
				GCC_WARN_UNUSED_VARIABLE = YES;
				IPHONEOS_DEPLOYMENT_TARGET = 7.0;
				SDKROOT = iphoneos;
				VALIDATE_PRODUCT = YES;
			};
			name = Release;
		};
		582F88BF184DE292003C7957 /* Debug */ = {
			isa = XCBuildConfiguration;
			buildSettings = {
				ASSETCATALOG_COMPILER_APPICON_NAME = AppIcon;
				ASSETCATALOG_COMPILER_LAUNCHIMAGE_NAME = LaunchImage;
				GCC_PRECOMPILE_PREFIX_HEADER = YES;
				GCC_PREFIX_HEADER = "iOS_Processes/iOS_Processes-Prefix.pch";
				INFOPLIST_FILE = "iOS_Processes/iOS_Processes-Info.plist";
				PRODUCT_NAME = "$(TARGET_NAME)";
				WRAPPER_EXTENSION = app;
			};
			name = Debug;
		};
		582F88C0184DE292003C7957 /* Release */ = {
			isa = XCBuildConfiguration;
			buildSettings = {
				ASSETCATALOG_COMPILER_APPICON_NAME = AppIcon;
				ASSETCATALOG_COMPILER_LAUNCHIMAGE_NAME = LaunchImage;
				GCC_PRECOMPILE_PREFIX_HEADER = YES;
				GCC_PREFIX_HEADER = "iOS_Processes/iOS_Processes-Prefix.pch";
				INFOPLIST_FILE = "iOS_Processes/iOS_Processes-Info.plist";
				PRODUCT_NAME = "$(TARGET_NAME)";
				WRAPPER_EXTENSION = app;
			};
			name = Release;
		};
		582F88C2184DE292003C7957 /* Debug */ = {
			isa = XCBuildConfiguration;
			buildSettings = {
				ARCHS = "$(ARCHS_STANDARD_INCLUDING_64_BIT)";
				BUNDLE_LOADER = "$(BUILT_PRODUCTS_DIR)/iOS_Processes.app/iOS_Processes";
				FRAMEWORK_SEARCH_PATHS = (
					"$(SDKROOT)/Developer/Library/Frameworks",
					"$(inherited)",
					"$(DEVELOPER_FRAMEWORKS_DIR)",
				);
				GCC_PRECOMPILE_PREFIX_HEADER = YES;
				GCC_PREFIX_HEADER = "iOS_Processes/iOS_Processes-Prefix.pch";
				GCC_PREPROCESSOR_DEFINITIONS = (
					"DEBUG=1",
					"$(inherited)",
				);
				INFOPLIST_FILE = "iOS_ProcessesTests/iOS_ProcessesTests-Info.plist";
				PRODUCT_NAME = "$(TARGET_NAME)";
				TEST_HOST = "$(BUNDLE_LOADER)";
				WRAPPER_EXTENSION = xctest;
			};
			name = Debug;
		};
		582F88C3184DE292003C7957 /* Release */ = {
			isa = XCBuildConfiguration;
			buildSettings = {
				ARCHS = "$(ARCHS_STANDARD_INCLUDING_64_BIT)";
				BUNDLE_LOADER = "$(BUILT_PRODUCTS_DIR)/iOS_Processes.app/iOS_Processes";
				FRAMEWORK_SEARCH_PATHS = (
					"$(SDKROOT)/Developer/Library/Frameworks",
					"$(inherited)",
					"$(DEVELOPER_FRAMEWORKS_DIR)",
				);
				GCC_PRECOMPILE_PREFIX_HEADER = YES;
				GCC_PREFIX_HEADER = "iOS_Processes/iOS_Processes-Prefix.pch";
				INFOPLIST_FILE = "iOS_ProcessesTests/iOS_ProcessesTests-Info.plist";
				PRODUCT_NAME = "$(TARGET_NAME)";
				TEST_HOST = "$(BUNDLE_LOADER)";
				WRAPPER_EXTENSION = xctest;
			};
			name = Release;
		};
/* End XCBuildConfiguration section */

/* Begin XCConfigurationList section */
		582F8887184DE292003C7957 /* Build configuration list for PBXProject "iOS_Processes" */ = {
			isa = XCConfigurationList;
			buildConfigurations = (
				582F88BC184DE292003C7957 /* Debug */,
				582F88BD184DE292003C7957 /* Release */,
			);
			defaultConfigurationIsVisible = 0;
			defaultConfigurationName = Release;
		};
		582F88BE184DE292003C7957 /* Build configuration list for PBXNativeTarget "iOS_Processes" */ = {
			isa = XCConfigurationList;
			buildConfigurations = (
				582F88BF184DE292003C7957 /* Debug */,
				582F88C0184DE292003C7957 /* Release */,
			);
			defaultConfigurationIsVisible = 0;
		};
		582F88C1184DE292003C7957 /* Build configuration list for PBXNativeTarget "iOS_ProcessesTests" */ = {
			isa = XCConfigurationList;
			buildConfigurations = (
				582F88C2184DE292003C7957 /* Debug */,
				582F88C3184DE292003C7957 /* Release */,
			);
			defaultConfigurationIsVisible = 0;
		};
/* End XCConfigurationList section */
	};
	rootObject = 582F8884184DE292003C7957 /* Project object */;
}
